// !$*UTF8*$!
{
	archiveVersion = 1;
	classes = {
	};
	objectVersion = 48;
	objects = {

/* Begin PBXBuildFile section */
		4C673EEB1F79399B00ED1BC7 /* AppDelegate.swift in Sources */ = {isa = PBXBuildFile; fileRef = 4C673EEA1F79399B00ED1BC7 /* AppDelegate.swift */; };
		4C673EED1F79399B00ED1BC7 /* ViewController.swift in Sources */ = {isa = PBXBuildFile; fileRef = 4C673EEC1F79399B00ED1BC7 /* ViewController.swift */; };
		4C673EF01F79399B00ED1BC7 /* Main.storyboard in Resources */ = {isa = PBXBuildFile; fileRef = 4C673EEE1F79399B00ED1BC7 /* Main.storyboard */; };
		4C673EF21F79399B00ED1BC7 /* Assets.xcassets in Resources */ = {isa = PBXBuildFile; fileRef = 4C673EF11F79399B00ED1BC7 /* Assets.xcassets */; };
		4C673EF51F79399B00ED1BC7 /* LaunchScreen.storyboard in Resources */ = {isa = PBXBuildFile; fileRef = 4C673EF31F79399B00ED1BC7 /* LaunchScreen.storyboard */; };
		4C673F091F793DEC00ED1BC7 /* 4.png in Resources */ = {isa = PBXBuildFile; fileRef = 4C673EFD1F793DEB00ED1BC7 /* 4.png */; };
		4C673F0C1F793DEC00ED1BC7 /* 6.png in Resources */ = {isa = PBXBuildFile; fileRef = 4C673F001F793DEC00ED1BC7 /* 6.png */; };
		4C673F0D1F793DEC00ED1BC7 /* 1.png in Resources */ = {isa = PBXBuildFile; fileRef = 4C673F011F793DEC00ED1BC7 /* 1.png */; };
		4C673F0E1F793DEC00ED1BC7 /* background.jpg in Resources */ = {isa = PBXBuildFile; fileRef = 4C673F021F793DEC00ED1BC7 /* background.jpg */; };
		4C673F0F1F793DEC00ED1BC7 /* front.png in Resources */ = {isa = PBXBuildFile; fileRef = 4C673F031F793DEC00ED1BC7 /* front.png */; };
		4C673F101F793DEC00ED1BC7 /* 2.png in Resources */ = {isa = PBXBuildFile; fileRef = 4C673F041F793DEC00ED1BC7 /* 2.png */; };
		4C673F111F793DEC00ED1BC7 /* 5.png in Resources */ = {isa = PBXBuildFile; fileRef = 4C673F051F793DEC00ED1BC7 /* 5.png */; };
		4C673F121F793DEC00ED1BC7 /* 3.png in Resources */ = {isa = PBXBuildFile; fileRef = 4C673F061F793DEC00ED1BC7 /* 3.png */; };
		4CA246591F7EBDC100DCC514 /* rilakkumadingbat-Bold.otf in Resources */ = {isa = PBXBuildFile; fileRef = 4CA246551F7EBDC000DCC514 /* rilakkumadingbat-Bold.otf */; };
		4CB4E0121F830CA90076238B /* Icon-120.png in Resources */ = {isa = PBXBuildFile; fileRef = 4CB4DFF41F830CA80076238B /* Icon-120.png */; };
		4CB4E0131F830CA90076238B /* Icon-20.png in Resources */ = {isa = PBXBuildFile; fileRef = 4CB4DFF51F830CA80076238B /* Icon-20.png */; };
		4CB4E0141F830CA90076238B /* Icon-88.png in Resources */ = {isa = PBXBuildFile; fileRef = 4CB4DFF61F830CA80076238B /* Icon-88.png */; };
		4CB4E0151F830CA90076238B /* Icon-196.png in Resources */ = {isa = PBXBuildFile; fileRef = 4CB4DFF71F830CA80076238B /* Icon-196.png */; };
		4CB4E0161F830CA90076238B /* Icon-60.png in Resources */ = {isa = PBXBuildFile; fileRef = 4CB4DFF81F830CA80076238B /* Icon-60.png */; };
		4CB4E0171F830CA90076238B /* Icon-512.png in Resources */ = {isa = PBXBuildFile; fileRef = 4CB4DFF91F830CA80076238B /* Icon-512.png */; };
		4CB4E0181F830CAA0076238B /* Icon-58.png in Resources */ = {isa = PBXBuildFile; fileRef = 4CB4DFFA1F830CA80076238B /* Icon-58.png */; };
		4CB4E0191F830CAA0076238B /* Icon-144.png in Resources */ = {isa = PBXBuildFile; fileRef = 4CB4DFFB1F830CA80076238B /* Icon-144.png */; };
		4CB4E01A1F830CAA0076238B /* Icon-172.png in Resources */ = {isa = PBXBuildFile; fileRef = 4CB4DFFC1F830CA80076238B /* Icon-172.png */; };
		4CB4E01B1F830CAA0076238B /* Icon-128.png in Resources */ = {isa = PBXBuildFile; fileRef = 4CB4DFFD1F830CA80076238B /* Icon-128.png */; };
		4CB4E01C1F830CAA0076238B /* Icon-180.png in Resources */ = {isa = PBXBuildFile; fileRef = 4CB4DFFE1F830CA80076238B /* Icon-180.png */; };
		4CB4E01D1F830CAA0076238B /* Icon-16.png in Resources */ = {isa = PBXBuildFile; fileRef = 4CB4DFFF1F830CA80076238B /* Icon-16.png */; };
		4CB4E01E1F830CAA0076238B /* Icon-256.png in Resources */ = {isa = PBXBuildFile; fileRef = 4CB4E0001F830CA80076238B /* Icon-256.png */; };
		4CB4E01F1F830CAA0076238B /* Icon-29.png in Resources */ = {isa = PBXBuildFile; fileRef = 4CB4E0011F830CA80076238B /* Icon-29.png */; };
		4CB4E0201F830CAA0076238B /* Icon-152.png in Resources */ = {isa = PBXBuildFile; fileRef = 4CB4E0021F830CA80076238B /* Icon-152.png */; };
		4CB4E0211F830CAA0076238B /* Icon-32.png in Resources */ = {isa = PBXBuildFile; fileRef = 4CB4E0031F830CA80076238B /* Icon-32.png */; };
		4CB4E0221F830CAA0076238B /* Icon-80.png in Resources */ = {isa = PBXBuildFile; fileRef = 4CB4E0041F830CA80076238B /* Icon-80.png */; };
		4CB4E0231F830CAA0076238B /* Icon-48.png in Resources */ = {isa = PBXBuildFile; fileRef = 4CB4E0051F830CA90076238B /* Icon-48.png */; };
		4CB4E0241F830CAA0076238B /* Icon-55.png in Resources */ = {isa = PBXBuildFile; fileRef = 4CB4E0061F830CA90076238B /* Icon-55.png */; };
		4CB4E0251F830CAA0076238B /* Icon-57.png in Resources */ = {isa = PBXBuildFile; fileRef = 4CB4E0071F830CA90076238B /* Icon-57.png */; };
		4CB4E0261F830CAA0076238B /* Icon-64.png in Resources */ = {isa = PBXBuildFile; fileRef = 4CB4E0081F830CA90076238B /* Icon-64.png */; };
		4CB4E0271F830CAA0076238B /* Icon-114.png in Resources */ = {isa = PBXBuildFile; fileRef = 4CB4E0091F830CA90076238B /* Icon-114.png */; };
		4CB4E0281F830CAA0076238B /* Icon-87.png in Resources */ = {isa = PBXBuildFile; fileRef = 4CB4E00A1F830CA90076238B /* Icon-87.png */; };
		4CB4E0291F830CAA0076238B /* Icon-72.png in Resources */ = {isa = PBXBuildFile; fileRef = 4CB4E00B1F830CA90076238B /* Icon-72.png */; };
		4CB4E02A1F830CAA0076238B /* Icon-76.png in Resources */ = {isa = PBXBuildFile; fileRef = 4CB4E00C1F830CA90076238B /* Icon-76.png */; };
		4CB4E02B1F830CAA0076238B /* Icon-50.png in Resources */ = {isa = PBXBuildFile; fileRef = 4CB4E00D1F830CA90076238B /* Icon-50.png */; };
		4CB4E02C1F830CAA0076238B /* Icon-100.png in Resources */ = {isa = PBXBuildFile; fileRef = 4CB4E00E1F830CA90076238B /* Icon-100.png */; };
		4CB4E02D1F830CAA0076238B /* Icon-1024.png in Resources */ = {isa = PBXBuildFile; fileRef = 4CB4E00F1F830CA90076238B /* Icon-1024.png */; };
		4CB4E02E1F830CAA0076238B /* Icon-167.png in Resources */ = {isa = PBXBuildFile; fileRef = 4CB4E0101F830CA90076238B /* Icon-167.png */; };
		4CB4E02F1F830CAA0076238B /* Icon-40.png in Resources */ = {isa = PBXBuildFile; fileRef = 4CB4E0111F830CA90076238B /* Icon-40.png */; };
		4CEC14751F83027000ADCBCF /* LaunchScreen.png in Resources */ = {isa = PBXBuildFile; fileRef = 4CEC14741F83027000ADCBCF /* LaunchScreen.png */; };
		4CF757B01F7C864B00DB0A52 /* jeux.png in Resources */ = {isa = PBXBuildFile; fileRef = 4CF757AF1F7C864A00DB0A52 /* jeux.png */; };
/* End PBXBuildFile section */

/* Begin PBXFileReference section */
		4C673EE71F79399B00ED1BC7 /* memoAnime.app */ = {isa = PBXFileReference; explicitFileType = wrapper.application; includeInIndex = 0; path = memoAnime.app; sourceTree = BUILT_PRODUCTS_DIR; };
		4C673EEA1F79399B00ED1BC7 /* AppDelegate.swift */ = {isa = PBXFileReference; lastKnownFileType = sourcecode.swift; path = AppDelegate.swift; sourceTree = "<group>"; };
		4C673EEC1F79399B00ED1BC7 /* ViewController.swift */ = {isa = PBXFileReference; lastKnownFileType = sourcecode.swift; path = ViewController.swift; sourceTree = "<group>"; };
		4C673EEF1F79399B00ED1BC7 /* Base */ = {isa = PBXFileReference; lastKnownFileType = file.storyboard; name = Base; path = Base.lproj/Main.storyboard; sourceTree = "<group>"; };
		4C673EF11F79399B00ED1BC7 /* Assets.xcassets */ = {isa = PBXFileReference; lastKnownFileType = folder.assetcatalog; path = Assets.xcassets; sourceTree = "<group>"; };
		4C673EF41F79399B00ED1BC7 /* Base */ = {isa = PBXFileReference; lastKnownFileType = file.storyboard; name = Base; path = Base.lproj/LaunchScreen.storyboard; sourceTree = "<group>"; };
		4C673EF61F79399B00ED1BC7 /* Info.plist */ = {isa = PBXFileReference; lastKnownFileType = text.plist.xml; path = Info.plist; sourceTree = "<group>"; };
		4C673EFD1F793DEB00ED1BC7 /* 4.png */ = {isa = PBXFileReference; lastKnownFileType = image.png; path = 4.png; sourceTree = "<group>"; };
		4C673F001F793DEC00ED1BC7 /* 6.png */ = {isa = PBXFileReference; lastKnownFileType = image.png; path = 6.png; sourceTree = "<group>"; };
		4C673F011F793DEC00ED1BC7 /* 1.png */ = {isa = PBXFileReference; lastKnownFileType = image.png; path = 1.png; sourceTree = "<group>"; };
		4C673F021F793DEC00ED1BC7 /* background.jpg */ = {isa = PBXFileReference; lastKnownFileType = image.jpeg; path = background.jpg; sourceTree = "<group>"; };
		4C673F031F793DEC00ED1BC7 /* front.png */ = {isa = PBXFileReference; lastKnownFileType = image.png; path = front.png; sourceTree = "<group>"; };
		4C673F041F793DEC00ED1BC7 /* 2.png */ = {isa = PBXFileReference; lastKnownFileType = image.png; path = 2.png; sourceTree = "<group>"; };
		4C673F051F793DEC00ED1BC7 /* 5.png */ = {isa = PBXFileReference; lastKnownFileType = image.png; path = 5.png; sourceTree = "<group>"; };
		4C673F061F793DEC00ED1BC7 /* 3.png */ = {isa = PBXFileReference; lastKnownFileType = image.png; path = 3.png; sourceTree = "<group>"; };
		4CA246551F7EBDC000DCC514 /* rilakkumadingbat-Bold.otf */ = {isa = PBXFileReference; lastKnownFileType = file; path = "rilakkumadingbat-Bold.otf"; sourceTree = "<group>"; };
		4CB4DFF41F830CA80076238B /* Icon-120.png */ = {isa = PBXFileReference; lastKnownFileType = image.png; path = "Icon-120.png"; sourceTree = "<group>"; };
		4CB4DFF51F830CA80076238B /* Icon-20.png */ = {isa = PBXFileReference; lastKnownFileType = image.png; path = "Icon-20.png"; sourceTree = "<group>"; };
		4CB4DFF61F830CA80076238B /* Icon-88.png */ = {isa = PBXFileReference; lastKnownFileType = image.png; path = "Icon-88.png"; sourceTree = "<group>"; };
		4CB4DFF71F830CA80076238B /* Icon-196.png */ = {isa = PBXFileReference; lastKnownFileType = image.png; path = "Icon-196.png"; sourceTree = "<group>"; };
		4CB4DFF81F830CA80076238B /* Icon-60.png */ = {isa = PBXFileReference; lastKnownFileType = image.png; path = "Icon-60.png"; sourceTree = "<group>"; };
		4CB4DFF91F830CA80076238B /* Icon-512.png */ = {isa = PBXFileReference; lastKnownFileType = image.png; path = "Icon-512.png"; sourceTree = "<group>"; };
		4CB4DFFA1F830CA80076238B /* Icon-58.png */ = {isa = PBXFileReference; lastKnownFileType = image.png; path = "Icon-58.png"; sourceTree = "<group>"; };
		4CB4DFFB1F830CA80076238B /* Icon-144.png */ = {isa = PBXFileReference; lastKnownFileType = image.png; path = "Icon-144.png"; sourceTree = "<group>"; };
		4CB4DFFC1F830CA80076238B /* Icon-172.png */ = {isa = PBXFileReference; lastKnownFileType = image.png; path = "Icon-172.png"; sourceTree = "<group>"; };
		4CB4DFFD1F830CA80076238B /* Icon-128.png */ = {isa = PBXFileReference; lastKnownFileType = image.png; path = "Icon-128.png"; sourceTree = "<group>"; };
		4CB4DFFE1F830CA80076238B /* Icon-180.png */ = {isa = PBXFileReference; lastKnownFileType = image.png; path = "Icon-180.png"; sourceTree = "<group>"; };
		4CB4DFFF1F830CA80076238B /* Icon-16.png */ = {isa = PBXFileReference; lastKnownFileType = image.png; path = "Icon-16.png"; sourceTree = "<group>"; };
		4CB4E0001F830CA80076238B /* Icon-256.png */ = {isa = PBXFileReference; lastKnownFileType = image.png; path = "Icon-256.png"; sourceTree = "<group>"; };
		4CB4E0011F830CA80076238B /* Icon-29.png */ = {isa = PBXFileReference; lastKnownFileType = image.png; path = "Icon-29.png"; sourceTree = "<group>"; };
		4CB4E0021F830CA80076238B /* Icon-152.png */ = {isa = PBXFileReference; lastKnownFileType = image.png; path = "Icon-152.png"; sourceTree = "<group>"; };
		4CB4E0031F830CA80076238B /* Icon-32.png */ = {isa = PBXFileReference; lastKnownFileType = image.png; path = "Icon-32.png"; sourceTree = "<group>"; };
		4CB4E0041F830CA80076238B /* Icon-80.png */ = {isa = PBXFileReference; lastKnownFileType = image.png; path = "Icon-80.png"; sourceTree = "<group>"; };
		4CB4E0051F830CA90076238B /* Icon-48.png */ = {isa = PBXFileReference; lastKnownFileType = image.png; path = "Icon-48.png"; sourceTree = "<group>"; };
		4CB4E0061F830CA90076238B /* Icon-55.png */ = {isa = PBXFileReference; lastKnownFileType = image.png; path = "Icon-55.png"; sourceTree = "<group>"; };
		4CB4E0071F830CA90076238B /* Icon-57.png */ = {isa = PBXFileReference; lastKnownFileType = image.png; path = "Icon-57.png"; sourceTree = "<group>"; };
		4CB4E0081F830CA90076238B /* Icon-64.png */ = {isa = PBXFileReference; lastKnownFileType = image.png; path = "Icon-64.png"; sourceTree = "<group>"; };
		4CB4E0091F830CA90076238B /* Icon-114.png */ = {isa = PBXFileReference; lastKnownFileType = image.png; path = "Icon-114.png"; sourceTree = "<group>"; };
		4CB4E00A1F830CA90076238B /* Icon-87.png */ = {isa = PBXFileReference; lastKnownFileType = image.png; path = "Icon-87.png"; sourceTree = "<group>"; };
		4CB4E00B1F830CA90076238B /* Icon-72.png */ = {isa = PBXFileReference; lastKnownFileType = image.png; path = "Icon-72.png"; sourceTree = "<group>"; };
		4CB4E00C1F830CA90076238B /* Icon-76.png */ = {isa = PBXFileReference; lastKnownFileType = image.png; path = "Icon-76.png"; sourceTree = "<group>"; };
		4CB4E00D1F830CA90076238B /* Icon-50.png */ = {isa = PBXFileReference; lastKnownFileType = image.png; path = "Icon-50.png"; sourceTree = "<group>"; };
		4CB4E00E1F830CA90076238B /* Icon-100.png */ = {isa = PBXFileReference; lastKnownFileType = image.png; path = "Icon-100.png"; sourceTree = "<group>"; };
		4CB4E00F1F830CA90076238B /* Icon-1024.png */ = {isa = PBXFileReference; lastKnownFileType = image.png; path = "Icon-1024.png"; sourceTree = "<group>"; };
		4CB4E0101F830CA90076238B /* Icon-167.png */ = {isa = PBXFileReference; lastKnownFileType = image.png; path = "Icon-167.png"; sourceTree = "<group>"; };
		4CB4E0111F830CA90076238B /* Icon-40.png */ = {isa = PBXFileReference; lastKnownFileType = image.png; path = "Icon-40.png"; sourceTree = "<group>"; };
		4CEC14741F83027000ADCBCF /* LaunchScreen.png */ = {isa = PBXFileReference; lastKnownFileType = image.png; path = LaunchScreen.png; sourceTree = "<group>"; };
		4CF757AF1F7C864A00DB0A52 /* jeux.png */ = {isa = PBXFileReference; lastKnownFileType = image.png; path = jeux.png; sourceTree = "<group>"; };
/* End PBXFileReference section */

/* Begin PBXFrameworksBuildPhase section */
		4C673EE41F79399B00ED1BC7 /* Frameworks */ = {
			isa = PBXFrameworksBuildPhase;
			buildActionMask = 2147483647;
			files = (
			);
			runOnlyForDeploymentPostprocessing = 0;
		};
/* End PBXFrameworksBuildPhase section */

/* Begin PBXGroup section */
		4C673EDE1F79399B00ED1BC7 = {
			isa = PBXGroup;
			children = (
				4C673EE91F79399B00ED1BC7 /* memoAnime */,
				4C673EE81F79399B00ED1BC7 /* Products */,
			);
			sourceTree = "<group>";
		};
		4C673EE81F79399B00ED1BC7 /* Products */ = {
			isa = PBXGroup;
			children = (
				4C673EE71F79399B00ED1BC7 /* memoAnime.app */,
			);
			name = Products;
			sourceTree = "<group>";
		};
		4C673EE91F79399B00ED1BC7 /* memoAnime */ = {
			isa = PBXGroup;
			children = (
				4CB4DFF31F830B780076238B /* icones */,
				4CA2464D1F7EB63200DCC514 /* fonts */,
				4C673EFC1F793D2A00ED1BC7 /* imagens */,
				4C673EEA1F79399B00ED1BC7 /* AppDelegate.swift */,
				4C673EEC1F79399B00ED1BC7 /* ViewController.swift */,
				4C673EEE1F79399B00ED1BC7 /* Main.storyboard */,
				4C673EF11F79399B00ED1BC7 /* Assets.xcassets */,
				4C673EF31F79399B00ED1BC7 /* LaunchScreen.storyboard */,
				4C673EF61F79399B00ED1BC7 /* Info.plist */,
			);
			path = memoAnime;
			sourceTree = "<group>";
		};
		4C673EFC1F793D2A00ED1BC7 /* imagens */ = {
			isa = PBXGroup;
			children = (
				4CEC14741F83027000ADCBCF /* LaunchScreen.png */,
				4CF757AF1F7C864A00DB0A52 /* jeux.png */,
				4C673F011F793DEC00ED1BC7 /* 1.png */,
				4C673F041F793DEC00ED1BC7 /* 2.png */,
				4C673F061F793DEC00ED1BC7 /* 3.png */,
				4C673EFD1F793DEB00ED1BC7 /* 4.png */,
				4C673F051F793DEC00ED1BC7 /* 5.png */,
				4C673F001F793DEC00ED1BC7 /* 6.png */,
				4C673F021F793DEC00ED1BC7 /* background.jpg */,
				4C673F031F793DEC00ED1BC7 /* front.png */,
			);
			path = imagens;
			sourceTree = "<group>";
		};
		4CA2464D1F7EB63200DCC514 /* fonts */ = {
			isa = PBXGroup;
			children = (
				4CA246551F7EBDC000DCC514 /* rilakkumadingbat-Bold.otf */,
			);
			path = fonts;
			sourceTree = "<group>";
		};
		4CB4DFF31F830B780076238B /* icones */ = {
			isa = PBXGroup;
			children = (
				4CB4DFFF1F830CA80076238B /* Icon-16.png */,
				4CB4DFF51F830CA80076238B /* Icon-20.png */,
				4CB4E0011F830CA80076238B /* Icon-29.png */,
				4CB4E0031F830CA80076238B /* Icon-32.png */,
				4CB4E0111F830CA90076238B /* Icon-40.png */,
				4CB4E0051F830CA90076238B /* Icon-48.png */,
				4CB4E00D1F830CA90076238B /* Icon-50.png */,
				4CB4E0061F830CA90076238B /* Icon-55.png */,
				4CB4E0071F830CA90076238B /* Icon-57.png */,
				4CB4DFFA1F830CA80076238B /* Icon-58.png */,
				4CB4DFF81F830CA80076238B /* Icon-60.png */,
				4CB4E0081F830CA90076238B /* Icon-64.png */,
				4CB4E00B1F830CA90076238B /* Icon-72.png */,
				4CB4E00C1F830CA90076238B /* Icon-76.png */,
				4CB4E0041F830CA80076238B /* Icon-80.png */,
				4CB4E00A1F830CA90076238B /* Icon-87.png */,
				4CB4DFF61F830CA80076238B /* Icon-88.png */,
				4CB4E00E1F830CA90076238B /* Icon-100.png */,
				4CB4E0091F830CA90076238B /* Icon-114.png */,
				4CB4DFF41F830CA80076238B /* Icon-120.png */,
				4CB4DFFD1F830CA80076238B /* Icon-128.png */,
				4CB4DFFB1F830CA80076238B /* Icon-144.png */,
				4CB4E0021F830CA80076238B /* Icon-152.png */,
				4CB4E0101F830CA90076238B /* Icon-167.png */,
				4CB4DFFC1F830CA80076238B /* Icon-172.png */,
				4CB4DFFE1F830CA80076238B /* Icon-180.png */,
				4CB4DFF71F830CA80076238B /* Icon-196.png */,
				4CB4E0001F830CA80076238B /* Icon-256.png */,
				4CB4DFF91F830CA80076238B /* Icon-512.png */,
				4CB4E00F1F830CA90076238B /* Icon-1024.png */,
			);
			path = icones;
			sourceTree = "<group>";
		};
/* End PBXGroup section */

/* Begin PBXNativeTarget section */
		4C673EE61F79399B00ED1BC7 /* memoAnime */ = {
			isa = PBXNativeTarget;
			buildConfigurationList = 4C673EF91F79399B00ED1BC7 /* Build configuration list for PBXNativeTarget "memoAnime" */;
			buildPhases = (
				4C673EE31F79399B00ED1BC7 /* Sources */,
				4C673EE41F79399B00ED1BC7 /* Frameworks */,
				4C673EE51F79399B00ED1BC7 /* Resources */,
			);
			buildRules = (
			);
			dependencies = (
			);
			name = memoAnime;
			productName = memoAnime;
			productReference = 4C673EE71F79399B00ED1BC7 /* memoAnime.app */;
			productType = "com.apple.product-type.application";
		};
/* End PBXNativeTarget section */

/* Begin PBXProject section */
		4C673EDF1F79399B00ED1BC7 /* Project object */ = {
			isa = PBXProject;
			attributes = {
				LastSwiftUpdateCheck = 0900;
				LastUpgradeCheck = 0900;
				ORGANIZATIONNAME = "Elisangela dos Santos";
				TargetAttributes = {
					4C673EE61F79399B00ED1BC7 = {
						CreatedOnToolsVersion = 9.0;
						ProvisioningStyle = Automatic;
					};
				};
			};
			buildConfigurationList = 4C673EE21F79399B00ED1BC7 /* Build configuration list for PBXProject "memoAnime" */;
			compatibilityVersion = "Xcode 8.0";
			developmentRegion = en;
			hasScannedForEncodings = 0;
			knownRegions = (
				en,
				Base,
			);
			mainGroup = 4C673EDE1F79399B00ED1BC7;
			productRefGroup = 4C673EE81F79399B00ED1BC7 /* Products */;
			projectDirPath = "";
			projectRoot = "";
			targets = (
				4C673EE61F79399B00ED1BC7 /* memoAnime */,
			);
		};
/* End PBXProject section */

/* Begin PBXResourcesBuildPhase section */
		4C673EE51F79399B00ED1BC7 /* Resources */ = {
			isa = PBXResourcesBuildPhase;
			buildActionMask = 2147483647;
			files = (
				4C673F101F793DEC00ED1BC7 /* 2.png in Resources */,
				4CB4E0151F830CA90076238B /* Icon-196.png in Resources */,
				4CB4E02B1F830CAA0076238B /* Icon-50.png in Resources */,
				4CB4E0161F830CA90076238B /* Icon-60.png in Resources */,
				4CB4E0201F830CAA0076238B /* Icon-152.png in Resources */,
				4C673F0E1F793DEC00ED1BC7 /* background.jpg in Resources */,
				4CB4E0261F830CAA0076238B /* Icon-64.png in Resources */,
				4CB4E02C1F830CAA0076238B /* Icon-100.png in Resources */,
				4CB4E02D1F830CAA0076238B /* Icon-1024.png in Resources */,
				4CB4E01B1F830CAA0076238B /* Icon-128.png in Resources */,
				4CB4E0271F830CAA0076238B /* Icon-114.png in Resources */,
				4C673F0C1F793DEC00ED1BC7 /* 6.png in Resources */,
				4C673F0D1F793DEC00ED1BC7 /* 1.png in Resources */,
				4CA246591F7EBDC100DCC514 /* rilakkumadingbat-Bold.otf in Resources */,
				4C673F0F1F793DEC00ED1BC7 /* front.png in Resources */,
				4CB4E02F1F830CAA0076238B /* Icon-40.png in Resources */,
				4CB4E0131F830CA90076238B /* Icon-20.png in Resources */,
				4CB4E01A1F830CAA0076238B /* Icon-172.png in Resources */,
				4CB4E02E1F830CAA0076238B /* Icon-167.png in Resources */,
				4CB4E0241F830CAA0076238B /* Icon-55.png in Resources */,
				4CB4E02A1F830CAA0076238B /* Icon-76.png in Resources */,
				4CB4E0181F830CAA0076238B /* Icon-58.png in Resources */,
				4CB4E0121F830CA90076238B /* Icon-120.png in Resources */,
				4CB4E0231F830CAA0076238B /* Icon-48.png in Resources */,
				4CEC14751F83027000ADCBCF /* LaunchScreen.png in Resources */,
				4CB4E0291F830CAA0076238B /* Icon-72.png in Resources */,
				4CB4E0171F830CA90076238B /* Icon-512.png in Resources */,
				4C673F091F793DEC00ED1BC7 /* 4.png in Resources */,
				4CB4E01E1F830CAA0076238B /* Icon-256.png in Resources */,
				4CB4E0221F830CAA0076238B /* Icon-80.png in Resources */,
				4C673F121F793DEC00ED1BC7 /* 3.png in Resources */,
				4C673EF51F79399B00ED1BC7 /* LaunchScreen.storyboard in Resources */,
				4C673F111F793DEC00ED1BC7 /* 5.png in Resources */,
				4CB4E0251F830CAA0076238B /* Icon-57.png in Resources */,
				4C673EF21F79399B00ED1BC7 /* Assets.xcassets in Resources */,
				4CB4E0141F830CA90076238B /* Icon-88.png in Resources */,
				4C673EF01F79399B00ED1BC7 /* Main.storyboard in Resources */,
				4CF757B01F7C864B00DB0A52 /* jeux.png in Resources */,
				4CB4E01D1F830CAA0076238B /* Icon-16.png in Resources */,
				4CB4E0281F830CAA0076238B /* Icon-87.png in Resources */,
				4CB4E0211F830CAA0076238B /* Icon-32.png in Resources */,
				4CB4E01F1F830CAA0076238B /* Icon-29.png in Resources */,
				4CB4E0191F830CAA0076238B /* Icon-144.png in Resources */,
				4CB4E01C1F830CAA0076238B /* Icon-180.png in Resources */,
			);
			runOnlyForDeploymentPostprocessing = 0;
		};
/* End PBXResourcesBuildPhase section */

/* Begin PBXSourcesBuildPhase section */
		4C673EE31F79399B00ED1BC7 /* Sources */ = {
			isa = PBXSourcesBuildPhase;
			buildActionMask = 2147483647;
			files = (
				4C673EED1F79399B00ED1BC7 /* ViewController.swift in Sources */,
				4C673EEB1F79399B00ED1BC7 /* AppDelegate.swift in Sources */,
			);
			runOnlyForDeploymentPostprocessing = 0;
		};
/* End PBXSourcesBuildPhase section */

/* Begin PBXVariantGroup section */
		4C673EEE1F79399B00ED1BC7 /* Main.storyboard */ = {
			isa = PBXVariantGroup;
			children = (
				4C673EEF1F79399B00ED1BC7 /* Base */,
			);
			name = Main.storyboard;
			sourceTree = "<group>";
		};
		4C673EF31F79399B00ED1BC7 /* LaunchScreen.storyboard */ = {
			isa = PBXVariantGroup;
			children = (
				4C673EF41F79399B00ED1BC7 /* Base */,
			);
			name = LaunchScreen.storyboard;
			sourceTree = "<group>";
		};
/* End PBXVariantGroup section */

/* Begin XCBuildConfiguration section */
		4C673EF71F79399B00ED1BC7 /* Debug */ = {
			isa = XCBuildConfiguration;
			buildSettings = {
				ALWAYS_SEARCH_USER_PATHS = NO;
				CLANG_ANALYZER_NONNULL = YES;
				CLANG_ANALYZER_NUMBER_OBJECT_CONVERSION = YES_AGGRESSIVE;
				CLANG_CXX_LANGUAGE_STANDARD = "gnu++14";
				CLANG_CXX_LIBRARY = "libc++";
				CLANG_ENABLE_MODULES = YES;
				CLANG_ENABLE_OBJC_ARC = YES;
				CLANG_WARN_BLOCK_CAPTURE_AUTORELEASING = YES;
				CLANG_WARN_BOOL_CONVERSION = YES;
				CLANG_WARN_COMMA = YES;
				CLANG_WARN_CONSTANT_CONVERSION = YES;
				CLANG_WARN_DIRECT_OBJC_ISA_USAGE = YES_ERROR;
				CLANG_WARN_DOCUMENTATION_COMMENTS = YES;
				CLANG_WARN_EMPTY_BODY = YES;
				CLANG_WARN_ENUM_CONVERSION = YES;
				CLANG_WARN_INFINITE_RECURSION = YES;
				CLANG_WARN_INT_CONVERSION = YES;
				CLANG_WARN_NON_LITERAL_NULL_CONVERSION = YES;
				CLANG_WARN_OBJC_LITERAL_CONVERSION = YES;
				CLANG_WARN_OBJC_ROOT_CLASS = YES_ERROR;
				CLANG_WARN_RANGE_LOOP_ANALYSIS = YES;
				CLANG_WARN_STRICT_PROTOTYPES = YES;
				CLANG_WARN_SUSPICIOUS_MOVE = YES;
				CLANG_WARN_UNGUARDED_AVAILABILITY = YES_AGGRESSIVE;
				CLANG_WARN_UNREACHABLE_CODE = YES;
				CLANG_WARN__DUPLICATE_METHOD_MATCH = YES;
				CODE_SIGN_IDENTITY = "iPhone Developer";
				COPY_PHASE_STRIP = NO;
				DEBUG_INFORMATION_FORMAT = dwarf;
				ENABLE_STRICT_OBJC_MSGSEND = YES;
				ENABLE_TESTABILITY = YES;
				GCC_C_LANGUAGE_STANDARD = gnu11;
				GCC_DYNAMIC_NO_PIC = NO;
				GCC_NO_COMMON_BLOCKS = YES;
				GCC_OPTIMIZATION_LEVEL = 0;
				GCC_PREPROCESSOR_DEFINITIONS = (
					"DEBUG=1",
					"$(inherited)",
				);
				GCC_WARN_64_TO_32_BIT_CONVERSION = YES;
				GCC_WARN_ABOUT_RETURN_TYPE = YES_ERROR;
				GCC_WARN_UNDECLARED_SELECTOR = YES;
				GCC_WARN_UNINITIALIZED_AUTOS = YES_AGGRESSIVE;
				GCC_WARN_UNUSED_FUNCTION = YES;
				GCC_WARN_UNUSED_VARIABLE = YES;
				IPHONEOS_DEPLOYMENT_TARGET = 11.0;
				MTL_ENABLE_DEBUG_INFO = YES;
				ONLY_ACTIVE_ARCH = YES;
				SDKROOT = iphoneos;
				SWIFT_ACTIVE_COMPILATION_CONDITIONS = DEBUG;
				SWIFT_OPTIMIZATION_LEVEL = "-Onone";
			};
			name = Debug;
		};
		4C673EF81F79399B00ED1BC7 /* Release */ = {
			isa = XCBuildConfiguration;
			buildSettings = {
				ALWAYS_SEARCH_USER_PATHS = NO;
				CLANG_ANALYZER_NONNULL = YES;
				CLANG_ANALYZER_NUMBER_OBJECT_CONVERSION = YES_AGGRESSIVE;
				CLANG_CXX_LANGUAGE_STANDARD = "gnu++14";
				CLANG_CXX_LIBRARY = "libc++";
				CLANG_ENABLE_MODULES = YES;
				CLANG_ENABLE_OBJC_ARC = YES;
				CLANG_WARN_BLOCK_CAPTURE_AUTORELEASING = YES;
				CLANG_WARN_BOOL_CONVERSION = YES;
				CLANG_WARN_COMMA = YES;
				CLANG_WARN_CONSTANT_CONVERSION = YES;
				CLANG_WARN_DIRECT_OBJC_ISA_USAGE = YES_ERROR;
				CLANG_WARN_DOCUMENTATION_COMMENTS = YES;
				CLANG_WARN_EMPTY_BODY = YES;
				CLANG_WARN_ENUM_CONVERSION = YES;
				CLANG_WARN_INFINITE_RECURSION = YES;
				CLANG_WARN_INT_CONVERSION = YES;
				CLANG_WARN_NON_LITERAL_NULL_CONVERSION = YES;
				CLANG_WARN_OBJC_LITERAL_CONVERSION = YES;
				CLANG_WARN_OBJC_ROOT_CLASS = YES_ERROR;
				CLANG_WARN_RANGE_LOOP_ANALYSIS = YES;
				CLANG_WARN_STRICT_PROTOTYPES = YES;
				CLANG_WARN_SUSPICIOUS_MOVE = YES;
				CLANG_WARN_UNGUARDED_AVAILABILITY = YES_AGGRESSIVE;
				CLANG_WARN_UNREACHABLE_CODE = YES;
				CLANG_WARN__DUPLICATE_METHOD_MATCH = YES;
				CODE_SIGN_IDENTITY = "iPhone Developer";
				COPY_PHASE_STRIP = NO;
				DEBUG_INFORMATION_FORMAT = "dwarf-with-dsym";
				ENABLE_NS_ASSERTIONS = NO;
				ENABLE_STRICT_OBJC_MSGSEND = YES;
				GCC_C_LANGUAGE_STANDARD = gnu11;
				GCC_NO_COMMON_BLOCKS = YES;
				GCC_WARN_64_TO_32_BIT_CONVERSION = YES;
				GCC_WARN_ABOUT_RETURN_TYPE = YES_ERROR;
				GCC_WARN_UNDECLARED_SELECTOR = YES;
				GCC_WARN_UNINITIALIZED_AUTOS = YES_AGGRESSIVE;
				GCC_WARN_UNUSED_FUNCTION = YES;
				GCC_WARN_UNUSED_VARIABLE = YES;
				IPHONEOS_DEPLOYMENT_TARGET = 11.0;
				MTL_ENABLE_DEBUG_INFO = NO;
				SDKROOT = iphoneos;
				SWIFT_OPTIMIZATION_LEVEL = "-Owholemodule";
				VALIDATE_PRODUCT = YES;
			};
			name = Release;
		};
		4C673EFA1F79399B00ED1BC7 /* Debug */ = {
			isa = XCBuildConfiguration;
			buildSettings = {
				ASSETCATALOG_COMPILER_APPICON_NAME = AppIcon;
				CODE_SIGN_STYLE = Automatic;
				INFOPLIST_FILE = memoAnime/Info.plist;
				LD_RUNPATH_SEARCH_PATHS = "$(inherited) @executable_path/Frameworks";
				PRODUCT_BUNDLE_IDENTIFIER = com.elis.memoAnime;
				PRODUCT_NAME = "$(TARGET_NAME)";
				SWIFT_VERSION = 4.0;
				TARGETED_DEVICE_FAMILY = "1,2";
			};
			name = Debug;
		};
		4C673EFB1F79399B00ED1BC7 /* Release */ = {
			isa = XCBuildConfiguration;
			buildSettings = {
				ASSETCATALOG_COMPILER_APPICON_NAME = AppIcon;
				CODE_SIGN_STYLE = Automatic;
				INFOPLIST_FILE = memoAnime/Info.plist;
				LD_RUNPATH_SEARCH_PATHS = "$(inherited) @executable_path/Frameworks";
				PRODUCT_BUNDLE_IDENTIFIER = com.elis.memoAnime;
				PRODUCT_NAME = "$(TARGET_NAME)";
				SWIFT_VERSION = 4.0;
				TARGETED_DEVICE_FAMILY = "1,2";
			};
			name = Release;
		};
/* End XCBuildConfiguration section */

/* Begin XCConfigurationList section */
		4C673EE21F79399B00ED1BC7 /* Build configuration list for PBXProject "memoAnime" */ = {
			isa = XCConfigurationList;
			buildConfigurations = (
				4C673EF71F79399B00ED1BC7 /* Debug */,
				4C673EF81F79399B00ED1BC7 /* Release */,
			);
			defaultConfigurationIsVisible = 0;
			defaultConfigurationName = Release;
		};
		4C673EF91F79399B00ED1BC7 /* Build configuration list for PBXNativeTarget "memoAnime" */ = {
			isa = XCConfigurationList;
			buildConfigurations = (
				4C673EFA1F79399B00ED1BC7 /* Debug */,
				4C673EFB1F79399B00ED1BC7 /* Release */,
			);
			defaultConfigurationIsVisible = 0;
			defaultConfigurationName = Release;
		};
/* End XCConfigurationList section */
	};
	rootObject = 4C673EDF1F79399B00ED1BC7 /* Project object */;
}
